
Microsoft Visual Studio Solution File, Format Version 12.00
# Visual Studio 15
VisualStudioVersion = 15.0.28307.1000
MinimumVisualStudioVersion = 10.0.40219.1
Project("{FAE04EC0-301F-11D3-BF4B-00C04F79EFBC}") = "01. Compare Execution Speed", "01. Compare Execution Speed\01. Compare Execution Speed.csproj", "{18D3CD4A-785A-46DA-8951-D8112E76F013}"
EndProject
Global
	GlobalSection(SolutionConfigurationPlatforms) = preSolution
		Debug|Any CPU = Debug|Any CPU
		Release|Any CPU = Release|Any CPU
	EndGlobalSection
	GlobalSection(ProjectConfigurationPlatforms) = postSolution
		{18D3CD4A-785A-46DA-8951-D8112E76F013}.Debug|Any CPU.ActiveCfg = Debug|Any CPU
		{18D3CD4A-785A-46DA-8951-D8112E76F013}.Debug|Any CPU.Build.0 = Debug|Any CPU
		{18D3CD4A-785A-46DA-8951-D8112E76F013}.Release|Any CPU.ActiveCfg = Release|Any CPU
		{18D3CD4A-785A-46DA-8951-D8112E76F013}.Release|Any CPU.Build.0 = Release|Any CPU
	EndGlobalSection
	GlobalSection(SolutionProperties) = preSolution
		HideSolutionNode = FALSE
	EndGlobalSection
	GlobalSection(ExtensibilityGlobals) = postSolution
		SolutionGuid = {CE3832A0-7D7B-4915-835E-09D85B02FF6D}
	EndGlobalSection
EndGlobal
