
Microsoft Visual Studio Solution File, Format Version 12.00
# Visual Studio 15
VisualStudioVersion = 15.0.28307.1022
MinimumVisualStudioVersion = 10.0.40219.1
Project("{9A19103F-16F7-4668-BE54-9A1E7A4F7556}") = "01. Hash Table", "01. Hash Table\01. Hash Table.csproj", "{4762ABC7-26A0-4BB3-8C29-6ED7FFB67E6B}"
EndProject
Project("{9A19103F-16F7-4668-BE54-9A1E7A4F7556}") = "02. Custom Set", "02. Custom Set\02. Custom Set.csproj", "{420151FB-27DF-413D-9075-F48A55B10924}"
EndProject
Project("{FAE04EC0-301F-11D3-BF4B-00C04F79EFBC}") = "03. Dictionary", "03. Dictionary\03. Dictionary.csproj", "{D23830EC-A479-4E2C-B7C4-EA1D8CD20F1F}"
EndProject
Global
	GlobalSection(SolutionConfigurationPlatforms) = preSolution
		Debug|Any CPU = Debug|Any CPU
		Release|Any CPU = Release|Any CPU
	EndGlobalSection
	GlobalSection(ProjectConfigurationPlatforms) = postSolution
		{4762ABC7-26A0-4BB3-8C29-6ED7FFB67E6B}.Debug|Any CPU.ActiveCfg = Debug|Any CPU
		{4762ABC7-26A0-4BB3-8C29-6ED7FFB67E6B}.Debug|Any CPU.Build.0 = Debug|Any CPU
		{4762ABC7-26A0-4BB3-8C29-6ED7FFB67E6B}.Release|Any CPU.ActiveCfg = Release|Any CPU
		{4762ABC7-26A0-4BB3-8C29-6ED7FFB67E6B}.Release|Any CPU.Build.0 = Release|Any CPU
		{420151FB-27DF-413D-9075-F48A55B10924}.Debug|Any CPU.ActiveCfg = Debug|Any CPU
		{420151FB-27DF-413D-9075-F48A55B10924}.Debug|Any CPU.Build.0 = Debug|Any CPU
		{420151FB-27DF-413D-9075-F48A55B10924}.Release|Any CPU.ActiveCfg = Release|Any CPU
		{420151FB-27DF-413D-9075-F48A55B10924}.Release|Any CPU.Build.0 = Release|Any CPU
		{D23830EC-A479-4E2C-B7C4-EA1D8CD20F1F}.Debug|Any CPU.ActiveCfg = Debug|Any CPU
		{D23830EC-A479-4E2C-B7C4-EA1D8CD20F1F}.Debug|Any CPU.Build.0 = Debug|Any CPU
		{D23830EC-A479-4E2C-B7C4-EA1D8CD20F1F}.Release|Any CPU.ActiveCfg = Release|Any CPU
		{D23830EC-A479-4E2C-B7C4-EA1D8CD20F1F}.Release|Any CPU.Build.0 = Release|Any CPU
	EndGlobalSection
	GlobalSection(SolutionProperties) = preSolution
		HideSolutionNode = FALSE
	EndGlobalSection
	GlobalSection(ExtensibilityGlobals) = postSolution
		SolutionGuid = {D74D3FA1-C5BD-4E59-902D-94B87D67479E}
	EndGlobalSection
EndGlobal
