
Microsoft Visual Studio Solution File, Format Version 12.00
# Visual Studio 15
VisualStudioVersion = 15.0.28307.1000
MinimumVisualStudioVersion = 10.0.40219.1
Project("{FAE04EC0-301F-11D3-BF4B-00C04F79EFBC}") = "01. Binary Search Tree", "01. Binary Search Tree\01. Binary Search Tree.csproj", "{6E43B017-C8D0-4A1F-9497-2AE308CC5629}"
EndProject
Global
	GlobalSection(SolutionConfigurationPlatforms) = preSolution
		Debug|Any CPU = Debug|Any CPU
		Release|Any CPU = Release|Any CPU
	EndGlobalSection
	GlobalSection(ProjectConfigurationPlatforms) = postSolution
		{6E43B017-C8D0-4A1F-9497-2AE308CC5629}.Debug|Any CPU.ActiveCfg = Debug|Any CPU
		{6E43B017-C8D0-4A1F-9497-2AE308CC5629}.Debug|Any CPU.Build.0 = Debug|Any CPU
		{6E43B017-C8D0-4A1F-9497-2AE308CC5629}.Release|Any CPU.ActiveCfg = Release|Any CPU
		{6E43B017-C8D0-4A1F-9497-2AE308CC5629}.Release|Any CPU.Build.0 = Release|Any CPU
	EndGlobalSection
	GlobalSection(SolutionProperties) = preSolution
		HideSolutionNode = FALSE
	EndGlobalSection
	GlobalSection(ExtensibilityGlobals) = postSolution
		SolutionGuid = {11E31000-0881-4BF7-890F-257F4D5E350E}
	EndGlobalSection
EndGlobal
