
Microsoft Visual Studio Solution File, Format Version 12.00
# Visual Studio 15
VisualStudioVersion = 15.0.28307.1000
MinimumVisualStudioVersion = 10.0.40219.1
Project("{FAE04EC0-301F-11D3-BF4B-00C04F79EFBC}") = "01. Play with Trees", "01. Play with Trees\01. Play with Trees.csproj", "{C2666320-3CBC-4257-8EE6-B2ABB6F756B6}"
EndProject
Project("{FAE04EC0-301F-11D3-BF4B-00C04F79EFBC}") = "02. Calculate Arithmetic Expression", "02. Calculate Arithmetic Expression\02. Calculate Arithmetic Expression.csproj", "{C8026617-D338-4ACF-B3FC-4BA4FDAF7230}"
EndProject
Global
	GlobalSection(SolutionConfigurationPlatforms) = preSolution
		Debug|Any CPU = Debug|Any CPU
		Release|Any CPU = Release|Any CPU
	EndGlobalSection
	GlobalSection(ProjectConfigurationPlatforms) = postSolution
		{C2666320-3CBC-4257-8EE6-B2ABB6F756B6}.Debug|Any CPU.ActiveCfg = Debug|Any CPU
		{C2666320-3CBC-4257-8EE6-B2ABB6F756B6}.Debug|Any CPU.Build.0 = Debug|Any CPU
		{C2666320-3CBC-4257-8EE6-B2ABB6F756B6}.Release|Any CPU.ActiveCfg = Release|Any CPU
		{C2666320-3CBC-4257-8EE6-B2ABB6F756B6}.Release|Any CPU.Build.0 = Release|Any CPU
		{C8026617-D338-4ACF-B3FC-4BA4FDAF7230}.Debug|Any CPU.ActiveCfg = Debug|Any CPU
		{C8026617-D338-4ACF-B3FC-4BA4FDAF7230}.Debug|Any CPU.Build.0 = Debug|Any CPU
		{C8026617-D338-4ACF-B3FC-4BA4FDAF7230}.Release|Any CPU.ActiveCfg = Release|Any CPU
		{C8026617-D338-4ACF-B3FC-4BA4FDAF7230}.Release|Any CPU.Build.0 = Release|Any CPU
	EndGlobalSection
	GlobalSection(SolutionProperties) = preSolution
		HideSolutionNode = FALSE
	EndGlobalSection
	GlobalSection(ExtensibilityGlobals) = postSolution
		SolutionGuid = {8FD664A4-E8C5-4791-A957-EE796C3912FD}
	EndGlobalSection
EndGlobal
