
Microsoft Visual Studio Solution File, Format Version 12.00
# Visual Studio 15
VisualStudioVersion = 15.0.28307.1000
MinimumVisualStudioVersion = 10.0.40219.1
Project("{9A19103F-16F7-4668-BE54-9A1E7A4F7556}") = "01. Find the Root", "01. Find the Root\01. Find the Root.csproj", "{E29B0D01-F283-4DE8-8BD4-9F81B3B7A3C2}"
EndProject
Project("{9A19103F-16F7-4668-BE54-9A1E7A4F7556}") = "02. Round Dance", "02. Round Dance\02. Round Dance.csproj", "{A6B839C3-287B-4526-831D-BE85E08A8F2E}"
EndProject
Project("{9A19103F-16F7-4668-BE54-9A1E7A4F7556}") = "03. Ride the Horse", "03. Ride the Horse\03. Ride the Horse.csproj", "{73FC814E-55DC-4B24-8255-F90588CBA14D}"
EndProject
Project("{9A19103F-16F7-4668-BE54-9A1E7A4F7556}") = "04. Longest Path in a Tree", "04. Longest Path in a Tree\04. Longest Path in a Tree.csproj", "{854DD015-8598-44C5-9FD4-974668E4B65B}"
EndProject
Project("{FAE04EC0-301F-11D3-BF4B-00C04F79EFBC}") = "05. Sorting", "05. Sorting\05. Sorting.csproj", "{D4217C5B-DC45-4E2A-A31B-1FB065377308}"
EndProject
Global
	GlobalSection(SolutionConfigurationPlatforms) = preSolution
		Debug|Any CPU = Debug|Any CPU
		Release|Any CPU = Release|Any CPU
	EndGlobalSection
	GlobalSection(ProjectConfigurationPlatforms) = postSolution
		{E29B0D01-F283-4DE8-8BD4-9F81B3B7A3C2}.Debug|Any CPU.ActiveCfg = Debug|Any CPU
		{E29B0D01-F283-4DE8-8BD4-9F81B3B7A3C2}.Debug|Any CPU.Build.0 = Debug|Any CPU
		{E29B0D01-F283-4DE8-8BD4-9F81B3B7A3C2}.Release|Any CPU.ActiveCfg = Release|Any CPU
		{E29B0D01-F283-4DE8-8BD4-9F81B3B7A3C2}.Release|Any CPU.Build.0 = Release|Any CPU
		{A6B839C3-287B-4526-831D-BE85E08A8F2E}.Debug|Any CPU.ActiveCfg = Debug|Any CPU
		{A6B839C3-287B-4526-831D-BE85E08A8F2E}.Debug|Any CPU.Build.0 = Debug|Any CPU
		{A6B839C3-287B-4526-831D-BE85E08A8F2E}.Release|Any CPU.ActiveCfg = Release|Any CPU
		{A6B839C3-287B-4526-831D-BE85E08A8F2E}.Release|Any CPU.Build.0 = Release|Any CPU
		{73FC814E-55DC-4B24-8255-F90588CBA14D}.Debug|Any CPU.ActiveCfg = Debug|Any CPU
		{73FC814E-55DC-4B24-8255-F90588CBA14D}.Debug|Any CPU.Build.0 = Debug|Any CPU
		{73FC814E-55DC-4B24-8255-F90588CBA14D}.Release|Any CPU.ActiveCfg = Release|Any CPU
		{73FC814E-55DC-4B24-8255-F90588CBA14D}.Release|Any CPU.Build.0 = Release|Any CPU
		{854DD015-8598-44C5-9FD4-974668E4B65B}.Debug|Any CPU.ActiveCfg = Debug|Any CPU
		{854DD015-8598-44C5-9FD4-974668E4B65B}.Debug|Any CPU.Build.0 = Debug|Any CPU
		{854DD015-8598-44C5-9FD4-974668E4B65B}.Release|Any CPU.ActiveCfg = Release|Any CPU
		{854DD015-8598-44C5-9FD4-974668E4B65B}.Release|Any CPU.Build.0 = Release|Any CPU
		{D4217C5B-DC45-4E2A-A31B-1FB065377308}.Debug|Any CPU.ActiveCfg = Debug|Any CPU
		{D4217C5B-DC45-4E2A-A31B-1FB065377308}.Debug|Any CPU.Build.0 = Debug|Any CPU
		{D4217C5B-DC45-4E2A-A31B-1FB065377308}.Release|Any CPU.ActiveCfg = Release|Any CPU
		{D4217C5B-DC45-4E2A-A31B-1FB065377308}.Release|Any CPU.Build.0 = Release|Any CPU
	EndGlobalSection
	GlobalSection(SolutionProperties) = preSolution
		HideSolutionNode = FALSE
	EndGlobalSection
	GlobalSection(ExtensibilityGlobals) = postSolution
		SolutionGuid = {EAFE2181-A645-4AD0-BF39-F922AC919C37}
	EndGlobalSection
EndGlobal
