
Microsoft Visual Studio Solution File, Format Version 12.00
# Visual Studio 15
VisualStudioVersion = 15.0.28307.1022
MinimumVisualStudioVersion = 10.0.40219.1
Project("{FAE04EC0-301F-11D3-BF4B-00C04F79EFBC}") = "01. Rope", "01. Rope\01. Rope.csproj", "{DBA61DC2-D4C6-4BBF-AA20-F49AD9A35746}"
EndProject
Project("{FAE04EC0-301F-11D3-BF4B-00C04F79EFBC}") = "02. Trie", "02. Trie\02. Trie.csproj", "{361DBFE1-7AFB-4ACF-A831-1A0C4B456751}"
EndProject
Global
	GlobalSection(SolutionConfigurationPlatforms) = preSolution
		Debug|Any CPU = Debug|Any CPU
		Release|Any CPU = Release|Any CPU
	EndGlobalSection
	GlobalSection(ProjectConfigurationPlatforms) = postSolution
		{DBA61DC2-D4C6-4BBF-AA20-F49AD9A35746}.Debug|Any CPU.ActiveCfg = Debug|Any CPU
		{DBA61DC2-D4C6-4BBF-AA20-F49AD9A35746}.Debug|Any CPU.Build.0 = Debug|Any CPU
		{DBA61DC2-D4C6-4BBF-AA20-F49AD9A35746}.Release|Any CPU.ActiveCfg = Release|Any CPU
		{DBA61DC2-D4C6-4BBF-AA20-F49AD9A35746}.Release|Any CPU.Build.0 = Release|Any CPU
		{361DBFE1-7AFB-4ACF-A831-1A0C4B456751}.Debug|Any CPU.ActiveCfg = Debug|Any CPU
		{361DBFE1-7AFB-4ACF-A831-1A0C4B456751}.Debug|Any CPU.Build.0 = Debug|Any CPU
		{361DBFE1-7AFB-4ACF-A831-1A0C4B456751}.Release|Any CPU.ActiveCfg = Release|Any CPU
		{361DBFE1-7AFB-4ACF-A831-1A0C4B456751}.Release|Any CPU.Build.0 = Release|Any CPU
	EndGlobalSection
	GlobalSection(SolutionProperties) = preSolution
		HideSolutionNode = FALSE
	EndGlobalSection
	GlobalSection(ExtensibilityGlobals) = postSolution
		SolutionGuid = {D9233FD8-8B1E-452E-95F2-1CB2A83F67EE}
	EndGlobalSection
EndGlobal
